dependencies:
- name: redis
  repository: https://charts.bitnami.com/bitnami
  version: 18.6.3
- name: postgresql
  repository: https://charts.bitnami.com/bitnami
  version: 16.4.5
- name: common
  repository: https://bjw-s-labs.github.io/helm-charts
  version: 1.5.1
digest: sha256:77d5f7e4127f0a58d28f10ed4b2bafcbc03416dcf03ea9427dbbb67e4ef7c91e
generated: "2025-05-21T14:17:33.504678239+02:00"
